
Microsoft Visual Studio Solution File, Format Version 12.00
# Visual Studio Version 17
VisualStudioVersion = 17.11.35327.3
MinimumVisualStudioVersion = 10.0.40219.1
Project("{9A19103F-16F7-4668-BE54-9A1E7A4F7556}") = "UmbrellaFrame.ModelSync.Core", "UmbrellaFrame.ModelSync.Core\UmbrellaFrame.ModelSync.Core.csproj", "{E94CB81B-A40E-4FFB-806A-B6EDBC525CC1}"
EndProject
Project("{9A19103F-16F7-4668-BE54-9A1E7A4F7556}") = "UmbrellaFrame.ModelSync.SqlServer", "UmbrellaFrame.ModelSync.SqlServer\UmbrellaFrame.ModelSync.SqlServer.csproj", "{0D85605D-3D3E-4158-8E29-967249F6837E}"
EndProject
Project("{9A19103F-16F7-4668-BE54-9A1E7A4F7556}") = "UmbrellaFrame.ModelSync.Core.Analyzers", "UmbrellaFrame.ModelSync.Analyzers\UmbrellaFrame.ModelSync.Core.Analyzers.csproj", "{5090F7FD-A86E-4734-AB5F-EC9A5559D3F7}"
EndProject
Project("{2150E333-8FDC-42A3-9474-1A3956D46DE8}") = "src", "src", "{4DC4B190-02D1-4B2C-AB83-8F55AAAD97A7}"
EndProject
Project("{2150E333-8FDC-42A3-9474-1A3956D46DE8}") = "tests", "tests", "{CAD44FF0-81B5-4421-8785-76C1C8A1C2C9}"
EndProject
Project("{9A19103F-16F7-4668-BE54-9A1E7A4F7556}") = "UmbrellaFrame.ModelSync.CoreTest", "UmbrellaFrame.ModelSync.CoreTest\UmbrellaFrame.ModelSync.CoreTest.csproj", "{8F351C29-1BFE-4FA9-956F-A01B6A698458}"
EndProject
Project("{9A19103F-16F7-4668-BE54-9A1E7A4F7556}") = "UmbrellaFrame.ModelSync.MySql", "UmbrellaFrame.ModelSync.MySql\UmbrellaFrame.ModelSync.MySql.csproj", "{51C6908B-8BE6-4718-95AC-D0A6C22C14AB}"
EndProject
Project("{9A19103F-16F7-4668-BE54-9A1E7A4F7556}") = "UmbrellaFrame.ModelSync.PostgreSQL", "UmbrellaFrame.ModelSync.PostgreSQL\UmbrellaFrame.ModelSync.PostgreSQL.csproj", "{37DB6F30-74DF-4535-9129-AC7ED54BB7FA}"
EndProject
Project("{9A19103F-16F7-4668-BE54-9A1E7A4F7556}") = "UmbrellaFrame.ModelSync.SQLite", "UmbrellaFrame.ModelSync.SQLite\UmbrellaFrame.ModelSync.SQLite.csproj", "{33B2A46D-6F01-4011-8424-E42DF270C7FB}"
EndProject
Project("{9A19103F-16F7-4668-BE54-9A1E7A4F7556}") = "UmbrellaFrame.ModelSync.SqlServerTest", "UmbrellaFrame.ModelSync.SqlServerTest\UmbrellaFrame.ModelSync.SqlServerTest.csproj", "{60B9AFCA-6014-46C5-8565-A50DFE7E7391}"
EndProject
Project("{9A19103F-16F7-4668-BE54-9A1E7A4F7556}") = "UmbrellaFrame.ModelSync.MySqlTest", "UmbrellaFrame.ModelSync.MySqlTest\UmbrellaFrame.ModelSync.MySqlTest.csproj", "{C67FD007-F52D-434B-BCA3-B7C4CF7DCE2F}"
EndProject
Project("{9A19103F-16F7-4668-BE54-9A1E7A4F7556}") = "UmbrellaFrame.ModelSync.PostgreSQLTest", "UmbrellaFrame.ModelSync.PostgreSQLTest\UmbrellaFrame.ModelSync.PostgreSQLTest.csproj", "{7ACE2797-1317-4E2E-9C07-80F32970F855}"
EndProject
Project("{9A19103F-16F7-4668-BE54-9A1E7A4F7556}") = "UmbrellaFrame.ModelSync.SQLiteTest", "UmbrellaFrame.ModelSync.SQLiteTest\UmbrellaFrame.ModelSync.SQLiteTest.csproj", "{E05384BA-9CD9-4DCC-99E1-B6A934A9EC58}"
EndProject
Project("{FAE04EC0-301F-11D3-BF4B-00C04F79EFBC}") = "UmbrellaFrame.ModelSync.AnalyzersTest", "UmbrellaFrame.ModelSync.AnalyzersTest\UmbrellaFrame.ModelSync.AnalyzersTest.csproj", "{27894809-B495-425F-9EFE-1BA42B2BC977}"
EndProject
Project("{2150E333-8FDC-42A3-9474-1A3956D46DE8}") = "UmbrellaFrame.ModelSync.Analyzers", "UmbrellaFrame.ModelSync.Analyzers", "{84E042A3-7FB0-375D-19F0-4D3D852AA451}"
EndProject
Global
	GlobalSection(SolutionConfigurationPlatforms) = preSolution
		Debug|Any CPU = Debug|Any CPU
		Debug|arm64 = Debug|arm64
		Debug|x86 = Debug|x86
		Debug|x64 = Debug|x64
		Release|Any CPU = Release|Any CPU
		Release|arm64 = Release|arm64
		Release|x86 = Release|x86
		Release|x64 = Release|x64
	EndGlobalSection
	GlobalSection(ProjectConfigurationPlatforms) = postSolution
		{E94CB81B-A40E-4FFB-806A-B6EDBC525CC1}.Debug|Any CPU.ActiveCfg = Debug|Any CPU
		{E94CB81B-A40E-4FFB-806A-B6EDBC525CC1}.Debug|Any CPU.Build.0 = Debug|Any CPU
		{E94CB81B-A40E-4FFB-806A-B6EDBC525CC1}.Debug|arm64.ActiveCfg = Debug|Any CPU
		{E94CB81B-A40E-4FFB-806A-B6EDBC525CC1}.Debug|arm64.Build.0 = Debug|Any CPU
		{E94CB81B-A40E-4FFB-806A-B6EDBC525CC1}.Debug|x86.ActiveCfg = Debug|Any CPU
		{E94CB81B-A40E-4FFB-806A-B6EDBC525CC1}.Debug|x86.Build.0 = Debug|Any CPU
		{E94CB81B-A40E-4FFB-806A-B6EDBC525CC1}.Debug|x64.ActiveCfg = Debug|Any CPU
		{E94CB81B-A40E-4FFB-806A-B6EDBC525CC1}.Debug|x64.Build.0 = Debug|Any CPU
		{E94CB81B-A40E-4FFB-806A-B6EDBC525CC1}.Release|Any CPU.ActiveCfg = Release|Any CPU
		{E94CB81B-A40E-4FFB-806A-B6EDBC525CC1}.Release|Any CPU.Build.0 = Release|Any CPU
		{E94CB81B-A40E-4FFB-806A-B6EDBC525CC1}.Release|arm64.ActiveCfg = Release|Any CPU
		{E94CB81B-A40E-4FFB-806A-B6EDBC525CC1}.Release|arm64.Build.0 = Release|Any CPU
		{E94CB81B-A40E-4FFB-806A-B6EDBC525CC1}.Release|x86.ActiveCfg = Release|Any CPU
		{E94CB81B-A40E-4FFB-806A-B6EDBC525CC1}.Release|x86.Build.0 = Release|Any CPU
		{E94CB81B-A40E-4FFB-806A-B6EDBC525CC1}.Release|x64.ActiveCfg = Release|Any CPU
		{E94CB81B-A40E-4FFB-806A-B6EDBC525CC1}.Release|x64.Build.0 = Release|Any CPU
		{0D85605D-3D3E-4158-8E29-967249F6837E}.Debug|Any CPU.ActiveCfg = Debug|Any CPU
		{0D85605D-3D3E-4158-8E29-967249F6837E}.Debug|Any CPU.Build.0 = Debug|Any CPU
		{0D85605D-3D3E-4158-8E29-967249F6837E}.Debug|arm64.ActiveCfg = Debug|Any CPU
		{0D85605D-3D3E-4158-8E29-967249F6837E}.Debug|arm64.Build.0 = Debug|Any CPU
		{0D85605D-3D3E-4158-8E29-967249F6837E}.Debug|x86.ActiveCfg = Debug|Any CPU
		{0D85605D-3D3E-4158-8E29-967249F6837E}.Debug|x86.Build.0 = Debug|Any CPU
		{0D85605D-3D3E-4158-8E29-967249F6837E}.Debug|x64.ActiveCfg = Debug|Any CPU
		{0D85605D-3D3E-4158-8E29-967249F6837E}.Debug|x64.Build.0 = Debug|Any CPU
		{0D85605D-3D3E-4158-8E29-967249F6837E}.Release|Any CPU.ActiveCfg = Release|Any CPU
		{0D85605D-3D3E-4158-8E29-967249F6837E}.Release|Any CPU.Build.0 = Release|Any CPU
		{0D85605D-3D3E-4158-8E29-967249F6837E}.Release|arm64.ActiveCfg = Release|Any CPU
		{0D85605D-3D3E-4158-8E29-967249F6837E}.Release|arm64.Build.0 = Release|Any CPU
		{0D85605D-3D3E-4158-8E29-967249F6837E}.Release|x86.ActiveCfg = Release|Any CPU
		{0D85605D-3D3E-4158-8E29-967249F6837E}.Release|x86.Build.0 = Release|Any CPU
		{0D85605D-3D3E-4158-8E29-967249F6837E}.Release|x64.ActiveCfg = Release|Any CPU
		{0D85605D-3D3E-4158-8E29-967249F6837E}.Release|x64.Build.0 = Release|Any CPU
		{5090F7FD-A86E-4734-AB5F-EC9A5559D3F7}.Debug|Any CPU.ActiveCfg = Debug|Any CPU
		{5090F7FD-A86E-4734-AB5F-EC9A5559D3F7}.Debug|Any CPU.Build.0 = Debug|Any CPU
		{5090F7FD-A86E-4734-AB5F-EC9A5559D3F7}.Debug|arm64.ActiveCfg = Debug|Any CPU
		{5090F7FD-A86E-4734-AB5F-EC9A5559D3F7}.Debug|arm64.Build.0 = Debug|Any CPU
		{5090F7FD-A86E-4734-AB5F-EC9A5559D3F7}.Debug|x86.ActiveCfg = Debug|Any CPU
		{5090F7FD-A86E-4734-AB5F-EC9A5559D3F7}.Debug|x86.Build.0 = Debug|Any CPU
		{5090F7FD-A86E-4734-AB5F-EC9A5559D3F7}.Debug|x64.ActiveCfg = Debug|Any CPU
		{5090F7FD-A86E-4734-AB5F-EC9A5559D3F7}.Debug|x64.Build.0 = Debug|Any CPU
		{5090F7FD-A86E-4734-AB5F-EC9A5559D3F7}.Release|Any CPU.ActiveCfg = Release|Any CPU
		{5090F7FD-A86E-4734-AB5F-EC9A5559D3F7}.Release|Any CPU.Build.0 = Release|Any CPU
		{5090F7FD-A86E-4734-AB5F-EC9A5559D3F7}.Release|arm64.ActiveCfg = Release|Any CPU
		{5090F7FD-A86E-4734-AB5F-EC9A5559D3F7}.Release|arm64.Build.0 = Release|Any CPU
		{5090F7FD-A86E-4734-AB5F-EC9A5559D3F7}.Release|x86.ActiveCfg = Release|Any CPU
		{5090F7FD-A86E-4734-AB5F-EC9A5559D3F7}.Release|x86.Build.0 = Release|Any CPU
		{5090F7FD-A86E-4734-AB5F-EC9A5559D3F7}.Release|x64.ActiveCfg = Release|Any CPU
		{5090F7FD-A86E-4734-AB5F-EC9A5559D3F7}.Release|x64.Build.0 = Release|Any CPU
		{8F351C29-1BFE-4FA9-956F-A01B6A698458}.Debug|Any CPU.ActiveCfg = Debug|Any CPU
		{8F351C29-1BFE-4FA9-956F-A01B6A698458}.Debug|Any CPU.Build.0 = Debug|Any CPU
		{8F351C29-1BFE-4FA9-956F-A01B6A698458}.Debug|arm64.ActiveCfg = Debug|Any CPU
		{8F351C29-1BFE-4FA9-956F-A01B6A698458}.Debug|arm64.Build.0 = Debug|Any CPU
		{8F351C29-1BFE-4FA9-956F-A01B6A698458}.Debug|x86.ActiveCfg = Debug|Any CPU
		{8F351C29-1BFE-4FA9-956F-A01B6A698458}.Debug|x86.Build.0 = Debug|Any CPU
		{8F351C29-1BFE-4FA9-956F-A01B6A698458}.Debug|x64.ActiveCfg = Debug|Any CPU
		{8F351C29-1BFE-4FA9-956F-A01B6A698458}.Debug|x64.Build.0 = Debug|Any CPU
		{8F351C29-1BFE-4FA9-956F-A01B6A698458}.Release|Any CPU.ActiveCfg = Release|Any CPU
		{8F351C29-1BFE-4FA9-956F-A01B6A698458}.Release|Any CPU.Build.0 = Release|Any CPU
		{8F351C29-1BFE-4FA9-956F-A01B6A698458}.Release|arm64.ActiveCfg = Release|Any CPU
		{8F351C29-1BFE-4FA9-956F-A01B6A698458}.Release|arm64.Build.0 = Release|Any CPU
		{8F351C29-1BFE-4FA9-956F-A01B6A698458}.Release|x86.ActiveCfg = Release|Any CPU
		{8F351C29-1BFE-4FA9-956F-A01B6A698458}.Release|x86.Build.0 = Release|Any CPU
		{8F351C29-1BFE-4FA9-956F-A01B6A698458}.Release|x64.ActiveCfg = Release|Any CPU
		{8F351C29-1BFE-4FA9-956F-A01B6A698458}.Release|x64.Build.0 = Release|Any CPU
		{51C6908B-8BE6-4718-95AC-D0A6C22C14AB}.Debug|Any CPU.ActiveCfg = Debug|Any CPU
		{51C6908B-8BE6-4718-95AC-D0A6C22C14AB}.Debug|Any CPU.Build.0 = Debug|Any CPU
		{51C6908B-8BE6-4718-95AC-D0A6C22C14AB}.Debug|arm64.ActiveCfg = Debug|Any CPU
		{51C6908B-8BE6-4718-95AC-D0A6C22C14AB}.Debug|arm64.Build.0 = Debug|Any CPU
		{51C6908B-8BE6-4718-95AC-D0A6C22C14AB}.Debug|x86.ActiveCfg = Debug|Any CPU
		{51C6908B-8BE6-4718-95AC-D0A6C22C14AB}.Debug|x86.Build.0 = Debug|Any CPU
		{51C6908B-8BE6-4718-95AC-D0A6C22C14AB}.Debug|x64.ActiveCfg = Debug|Any CPU
		{51C6908B-8BE6-4718-95AC-D0A6C22C14AB}.Debug|x64.Build.0 = Debug|Any CPU
		{51C6908B-8BE6-4718-95AC-D0A6C22C14AB}.Release|Any CPU.ActiveCfg = Release|Any CPU
		{51C6908B-8BE6-4718-95AC-D0A6C22C14AB}.Release|Any CPU.Build.0 = Release|Any CPU
		{51C6908B-8BE6-4718-95AC-D0A6C22C14AB}.Release|arm64.ActiveCfg = Release|Any CPU
		{51C6908B-8BE6-4718-95AC-D0A6C22C14AB}.Release|arm64.Build.0 = Release|Any CPU
		{51C6908B-8BE6-4718-95AC-D0A6C22C14AB}.Release|x86.ActiveCfg = Release|Any CPU
		{51C6908B-8BE6-4718-95AC-D0A6C22C14AB}.Release|x86.Build.0 = Release|Any CPU
		{51C6908B-8BE6-4718-95AC-D0A6C22C14AB}.Release|x64.ActiveCfg = Release|Any CPU
		{51C6908B-8BE6-4718-95AC-D0A6C22C14AB}.Release|x64.Build.0 = Release|Any CPU
		{37DB6F30-74DF-4535-9129-AC7ED54BB7FA}.Debug|Any CPU.ActiveCfg = Debug|Any CPU
		{37DB6F30-74DF-4535-9129-AC7ED54BB7FA}.Debug|Any CPU.Build.0 = Debug|Any CPU
		{37DB6F30-74DF-4535-9129-AC7ED54BB7FA}.Debug|arm64.ActiveCfg = Debug|Any CPU
		{37DB6F30-74DF-4535-9129-AC7ED54BB7FA}.Debug|arm64.Build.0 = Debug|Any CPU
		{37DB6F30-74DF-4535-9129-AC7ED54BB7FA}.Debug|x86.ActiveCfg = Debug|Any CPU
		{37DB6F30-74DF-4535-9129-AC7ED54BB7FA}.Debug|x86.Build.0 = Debug|Any CPU
		{37DB6F30-74DF-4535-9129-AC7ED54BB7FA}.Debug|x64.ActiveCfg = Debug|Any CPU
		{37DB6F30-74DF-4535-9129-AC7ED54BB7FA}.Debug|x64.Build.0 = Debug|Any CPU
		{37DB6F30-74DF-4535-9129-AC7ED54BB7FA}.Release|Any CPU.ActiveCfg = Release|Any CPU
		{37DB6F30-74DF-4535-9129-AC7ED54BB7FA}.Release|Any CPU.Build.0 = Release|Any CPU
		{37DB6F30-74DF-4535-9129-AC7ED54BB7FA}.Release|arm64.ActiveCfg = Release|Any CPU
		{37DB6F30-74DF-4535-9129-AC7ED54BB7FA}.Release|arm64.Build.0 = Release|Any CPU
		{37DB6F30-74DF-4535-9129-AC7ED54BB7FA}.Release|x86.ActiveCfg = Release|Any CPU
		{37DB6F30-74DF-4535-9129-AC7ED54BB7FA}.Release|x86.Build.0 = Release|Any CPU
		{37DB6F30-74DF-4535-9129-AC7ED54BB7FA}.Release|x64.ActiveCfg = Release|Any CPU
		{37DB6F30-74DF-4535-9129-AC7ED54BB7FA}.Release|x64.Build.0 = Release|Any CPU
		{33B2A46D-6F01-4011-8424-E42DF270C7FB}.Debug|Any CPU.ActiveCfg = Debug|Any CPU
		{33B2A46D-6F01-4011-8424-E42DF270C7FB}.Debug|Any CPU.Build.0 = Debug|Any CPU
		{33B2A46D-6F01-4011-8424-E42DF270C7FB}.Debug|arm64.ActiveCfg = Debug|Any CPU
		{33B2A46D-6F01-4011-8424-E42DF270C7FB}.Debug|arm64.Build.0 = Debug|Any CPU
		{33B2A46D-6F01-4011-8424-E42DF270C7FB}.Debug|x86.ActiveCfg = Debug|Any CPU
		{33B2A46D-6F01-4011-8424-E42DF270C7FB}.Debug|x86.Build.0 = Debug|Any CPU
		{33B2A46D-6F01-4011-8424-E42DF270C7FB}.Debug|x64.ActiveCfg = Debug|Any CPU
		{33B2A46D-6F01-4011-8424-E42DF270C7FB}.Debug|x64.Build.0 = Debug|Any CPU
		{33B2A46D-6F01-4011-8424-E42DF270C7FB}.Release|Any CPU.ActiveCfg = Release|Any CPU
		{33B2A46D-6F01-4011-8424-E42DF270C7FB}.Release|Any CPU.Build.0 = Release|Any CPU
		{33B2A46D-6F01-4011-8424-E42DF270C7FB}.Release|arm64.ActiveCfg = Release|Any CPU
		{33B2A46D-6F01-4011-8424-E42DF270C7FB}.Release|arm64.Build.0 = Release|Any CPU
		{33B2A46D-6F01-4011-8424-E42DF270C7FB}.Release|x86.ActiveCfg = Release|Any CPU
		{33B2A46D-6F01-4011-8424-E42DF270C7FB}.Release|x86.Build.0 = Release|Any CPU
		{33B2A46D-6F01-4011-8424-E42DF270C7FB}.Release|x64.ActiveCfg = Release|Any CPU
		{33B2A46D-6F01-4011-8424-E42DF270C7FB}.Release|x64.Build.0 = Release|Any CPU
		{60B9AFCA-6014-46C5-8565-A50DFE7E7391}.Debug|Any CPU.ActiveCfg = Debug|Any CPU
		{60B9AFCA-6014-46C5-8565-A50DFE7E7391}.Debug|Any CPU.Build.0 = Debug|Any CPU
		{60B9AFCA-6014-46C5-8565-A50DFE7E7391}.Debug|arm64.ActiveCfg = Debug|Any CPU
		{60B9AFCA-6014-46C5-8565-A50DFE7E7391}.Debug|arm64.Build.0 = Debug|Any CPU
		{60B9AFCA-6014-46C5-8565-A50DFE7E7391}.Debug|x86.ActiveCfg = Debug|Any CPU
		{60B9AFCA-6014-46C5-8565-A50DFE7E7391}.Debug|x86.Build.0 = Debug|Any CPU
		{60B9AFCA-6014-46C5-8565-A50DFE7E7391}.Debug|x64.ActiveCfg = Debug|Any CPU
		{60B9AFCA-6014-46C5-8565-A50DFE7E7391}.Debug|x64.Build.0 = Debug|Any CPU
		{60B9AFCA-6014-46C5-8565-A50DFE7E7391}.Release|Any CPU.ActiveCfg = Release|Any CPU
		{60B9AFCA-6014-46C5-8565-A50DFE7E7391}.Release|Any CPU.Build.0 = Release|Any CPU
		{60B9AFCA-6014-46C5-8565-A50DFE7E7391}.Release|arm64.ActiveCfg = Release|Any CPU
		{60B9AFCA-6014-46C5-8565-A50DFE7E7391}.Release|arm64.Build.0 = Release|Any CPU
		{60B9AFCA-6014-46C5-8565-A50DFE7E7391}.Release|x86.ActiveCfg = Release|Any CPU
		{60B9AFCA-6014-46C5-8565-A50DFE7E7391}.Release|x86.Build.0 = Release|Any CPU
		{60B9AFCA-6014-46C5-8565-A50DFE7E7391}.Release|x64.ActiveCfg = Release|Any CPU
		{60B9AFCA-6014-46C5-8565-A50DFE7E7391}.Release|x64.Build.0 = Release|Any CPU
		{C67FD007-F52D-434B-BCA3-B7C4CF7DCE2F}.Debug|Any CPU.ActiveCfg = Debug|Any CPU
		{C67FD007-F52D-434B-BCA3-B7C4CF7DCE2F}.Debug|Any CPU.Build.0 = Debug|Any CPU
		{C67FD007-F52D-434B-BCA3-B7C4CF7DCE2F}.Debug|arm64.ActiveCfg = Debug|Any CPU
		{C67FD007-F52D-434B-BCA3-B7C4CF7DCE2F}.Debug|arm64.Build.0 = Debug|Any CPU
		{C67FD007-F52D-434B-BCA3-B7C4CF7DCE2F}.Debug|x86.ActiveCfg = Debug|Any CPU
		{C67FD007-F52D-434B-BCA3-B7C4CF7DCE2F}.Debug|x86.Build.0 = Debug|Any CPU
		{C67FD007-F52D-434B-BCA3-B7C4CF7DCE2F}.Debug|x64.ActiveCfg = Debug|Any CPU
		{C67FD007-F52D-434B-BCA3-B7C4CF7DCE2F}.Debug|x64.Build.0 = Debug|Any CPU
		{C67FD007-F52D-434B-BCA3-B7C4CF7DCE2F}.Release|Any CPU.ActiveCfg = Release|Any CPU
		{C67FD007-F52D-434B-BCA3-B7C4CF7DCE2F}.Release|Any CPU.Build.0 = Release|Any CPU
		{C67FD007-F52D-434B-BCA3-B7C4CF7DCE2F}.Release|arm64.ActiveCfg = Release|Any CPU
		{C67FD007-F52D-434B-BCA3-B7C4CF7DCE2F}.Release|arm64.Build.0 = Release|Any CPU
		{C67FD007-F52D-434B-BCA3-B7C4CF7DCE2F}.Release|x86.ActiveCfg = Release|Any CPU
		{C67FD007-F52D-434B-BCA3-B7C4CF7DCE2F}.Release|x86.Build.0 = Release|Any CPU
		{C67FD007-F52D-434B-BCA3-B7C4CF7DCE2F}.Release|x64.ActiveCfg = Release|Any CPU
		{C67FD007-F52D-434B-BCA3-B7C4CF7DCE2F}.Release|x64.Build.0 = Release|Any CPU
		{7ACE2797-1317-4E2E-9C07-80F32970F855}.Debug|Any CPU.ActiveCfg = Debug|Any CPU
		{7ACE2797-1317-4E2E-9C07-80F32970F855}.Debug|Any CPU.Build.0 = Debug|Any CPU
		{7ACE2797-1317-4E2E-9C07-80F32970F855}.Debug|arm64.ActiveCfg = Debug|Any CPU
		{7ACE2797-1317-4E2E-9C07-80F32970F855}.Debug|arm64.Build.0 = Debug|Any CPU
		{7ACE2797-1317-4E2E-9C07-80F32970F855}.Debug|x86.ActiveCfg = Debug|Any CPU
		{7ACE2797-1317-4E2E-9C07-80F32970F855}.Debug|x86.Build.0 = Debug|Any CPU
		{7ACE2797-1317-4E2E-9C07-80F32970F855}.Debug|x64.ActiveCfg = Debug|Any CPU
		{7ACE2797-1317-4E2E-9C07-80F32970F855}.Debug|x64.Build.0 = Debug|Any CPU
		{7ACE2797-1317-4E2E-9C07-80F32970F855}.Release|Any CPU.ActiveCfg = Release|Any CPU
		{7ACE2797-1317-4E2E-9C07-80F32970F855}.Release|Any CPU.Build.0 = Release|Any CPU
		{7ACE2797-1317-4E2E-9C07-80F32970F855}.Release|arm64.ActiveCfg = Release|Any CPU
		{7ACE2797-1317-4E2E-9C07-80F32970F855}.Release|arm64.Build.0 = Release|Any CPU
		{7ACE2797-1317-4E2E-9C07-80F32970F855}.Release|x86.ActiveCfg = Release|Any CPU
		{7ACE2797-1317-4E2E-9C07-80F32970F855}.Release|x86.Build.0 = Release|Any CPU
		{7ACE2797-1317-4E2E-9C07-80F32970F855}.Release|x64.ActiveCfg = Release|Any CPU
		{7ACE2797-1317-4E2E-9C07-80F32970F855}.Release|x64.Build.0 = Release|Any CPU
		{E05384BA-9CD9-4DCC-99E1-B6A934A9EC58}.Debug|Any CPU.ActiveCfg = Debug|Any CPU
		{E05384BA-9CD9-4DCC-99E1-B6A934A9EC58}.Debug|Any CPU.Build.0 = Debug|Any CPU
		{E05384BA-9CD9-4DCC-99E1-B6A934A9EC58}.Debug|arm64.ActiveCfg = Debug|Any CPU
		{E05384BA-9CD9-4DCC-99E1-B6A934A9EC58}.Debug|arm64.Build.0 = Debug|Any CPU
		{E05384BA-9CD9-4DCC-99E1-B6A934A9EC58}.Debug|x86.ActiveCfg = Debug|Any CPU
		{E05384BA-9CD9-4DCC-99E1-B6A934A9EC58}.Debug|x86.Build.0 = Debug|Any CPU
		{E05384BA-9CD9-4DCC-99E1-B6A934A9EC58}.Debug|x64.ActiveCfg = Debug|Any CPU
		{E05384BA-9CD9-4DCC-99E1-B6A934A9EC58}.Debug|x64.Build.0 = Debug|Any CPU
		{E05384BA-9CD9-4DCC-99E1-B6A934A9EC58}.Release|Any CPU.ActiveCfg = Release|Any CPU
		{E05384BA-9CD9-4DCC-99E1-B6A934A9EC58}.Release|Any CPU.Build.0 = Release|Any CPU
		{E05384BA-9CD9-4DCC-99E1-B6A934A9EC58}.Release|arm64.ActiveCfg = Release|Any CPU
		{E05384BA-9CD9-4DCC-99E1-B6A934A9EC58}.Release|arm64.Build.0 = Release|Any CPU
		{E05384BA-9CD9-4DCC-99E1-B6A934A9EC58}.Release|x86.ActiveCfg = Release|Any CPU
		{E05384BA-9CD9-4DCC-99E1-B6A934A9EC58}.Release|x86.Build.0 = Release|Any CPU
		{E05384BA-9CD9-4DCC-99E1-B6A934A9EC58}.Release|x64.ActiveCfg = Release|Any CPU
		{E05384BA-9CD9-4DCC-99E1-B6A934A9EC58}.Release|x64.Build.0 = Release|Any CPU
		{27894809-B495-425F-9EFE-1BA42B2BC977}.Debug|Any CPU.ActiveCfg = Debug|Any CPU
		{27894809-B495-425F-9EFE-1BA42B2BC977}.Debug|Any CPU.Build.0 = Debug|Any CPU
		{27894809-B495-425F-9EFE-1BA42B2BC977}.Debug|arm64.ActiveCfg = Debug|Any CPU
		{27894809-B495-425F-9EFE-1BA42B2BC977}.Debug|arm64.Build.0 = Debug|Any CPU
		{27894809-B495-425F-9EFE-1BA42B2BC977}.Debug|x86.ActiveCfg = Debug|Any CPU
		{27894809-B495-425F-9EFE-1BA42B2BC977}.Debug|x86.Build.0 = Debug|Any CPU
		{27894809-B495-425F-9EFE-1BA42B2BC977}.Debug|x64.ActiveCfg = Debug|Any CPU
		{27894809-B495-425F-9EFE-1BA42B2BC977}.Debug|x64.Build.0 = Debug|Any CPU
		{27894809-B495-425F-9EFE-1BA42B2BC977}.Release|Any CPU.ActiveCfg = Release|Any CPU
		{27894809-B495-425F-9EFE-1BA42B2BC977}.Release|Any CPU.Build.0 = Release|Any CPU
		{27894809-B495-425F-9EFE-1BA42B2BC977}.Release|arm64.ActiveCfg = Release|Any CPU
		{27894809-B495-425F-9EFE-1BA42B2BC977}.Release|arm64.Build.0 = Release|Any CPU
		{27894809-B495-425F-9EFE-1BA42B2BC977}.Release|x86.ActiveCfg = Release|Any CPU
		{27894809-B495-425F-9EFE-1BA42B2BC977}.Release|x86.Build.0 = Release|Any CPU
		{27894809-B495-425F-9EFE-1BA42B2BC977}.Release|x64.ActiveCfg = Release|Any CPU
		{27894809-B495-425F-9EFE-1BA42B2BC977}.Release|x64.Build.0 = Release|Any CPU
	EndGlobalSection
	GlobalSection(SolutionProperties) = preSolution
		HideSolutionNode = FALSE
	EndGlobalSection
	GlobalSection(NestedProjects) = preSolution
		{E94CB81B-A40E-4FFB-806A-B6EDBC525CC1} = {4DC4B190-02D1-4B2C-AB83-8F55AAAD97A7}
		{0D85605D-3D3E-4158-8E29-967249F6837E} = {4DC4B190-02D1-4B2C-AB83-8F55AAAD97A7}
		{5090F7FD-A86E-4734-AB5F-EC9A5559D3F7} = {4DC4B190-02D1-4B2C-AB83-8F55AAAD97A7}
		{8F351C29-1BFE-4FA9-956F-A01B6A698458} = {CAD44FF0-81B5-4421-8785-76C1C8A1C2C9}
		{51C6908B-8BE6-4718-95AC-D0A6C22C14AB} = {4DC4B190-02D1-4B2C-AB83-8F55AAAD97A7}
		{37DB6F30-74DF-4535-9129-AC7ED54BB7FA} = {4DC4B190-02D1-4B2C-AB83-8F55AAAD97A7}
		{33B2A46D-6F01-4011-8424-E42DF270C7FB} = {4DC4B190-02D1-4B2C-AB83-8F55AAAD97A7}
		{60B9AFCA-6014-46C5-8565-A50DFE7E7391} = {CAD44FF0-81B5-4421-8785-76C1C8A1C2C9}
		{C67FD007-F52D-434B-BCA3-B7C4CF7DCE2F} = {CAD44FF0-81B5-4421-8785-76C1C8A1C2C9}
		{7ACE2797-1317-4E2E-9C07-80F32970F855} = {CAD44FF0-81B5-4421-8785-76C1C8A1C2C9}
		{E05384BA-9CD9-4DCC-99E1-B6A934A9EC58} = {CAD44FF0-81B5-4421-8785-76C1C8A1C2C9}
	EndGlobalSection
	GlobalSection(ExtensibilityGlobals) = postSolution
		SolutionGuid = {37FD1A7E-14BD-4995-9909-B80E5843CEEA}
	EndGlobalSection
EndGlobal
